
Microsoft Visual Studio Solution File, Format Version 12.00
# Visual Studio Version 17
VisualStudioVersion = 17.4.33213.308
MinimumVisualStudioVersion = 10.0.40219.1
Project("{FAE04EC0-301F-11D3-BF4B-00C04F79EFBC}") = "КГ_Лабораторная_работа_№1", "КГ_Лабораторная_работа_№1.csproj", "{6EB1FCE8-4564-400F-A916-545788F3623B}"
EndProject
Global
	GlobalSection(SolutionConfigurationPlatforms) = preSolution
		Debug|Any CPU = Debug|Any CPU
		Release|Any CPU = Release|Any CPU
	EndGlobalSection
	GlobalSection(ProjectConfigurationPlatforms) = postSolution
		{6EB1FCE8-4564-400F-A916-545788F3623B}.Debug|Any CPU.ActiveCfg = Debug|Any CPU
		{6EB1FCE8-4564-400F-A916-545788F3623B}.Debug|Any CPU.Build.0 = Debug|Any CPU
		{6EB1FCE8-4564-400F-A916-545788F3623B}.Release|Any CPU.ActiveCfg = Release|Any CPU
		{6EB1FCE8-4564-400F-A916-545788F3623B}.Release|Any CPU.Build.0 = Release|Any CPU
	EndGlobalSection
	GlobalSection(SolutionProperties) = preSolution
		HideSolutionNode = FALSE
	EndGlobalSection
	GlobalSection(ExtensibilityGlobals) = postSolution
		SolutionGuid = {24AA20C5-AAC8-4E3D-9DAB-7E3D41DDDA7E}
	EndGlobalSection
EndGlobal
